
Microsoft Visual Studio Solution File, Format Version 12.00
# Visual Studio 15
VisualStudioVersion = 15.0.26730.15
MinimumVisualStudioVersion = 10.0.40219.1
Project("{FAE04EC0-301F-11D3-BF4B-00C04F79EFBC}") = "DevelopersTree.Mvvm", "DevelopersTree.Mvvm\DevelopersTree.Mvvm.csproj", "{EBF1DC53-1AC9-4D24-8F42-C4DF595DACB4}"
EndProject
Global
	GlobalSection(SolutionConfigurationPlatforms) = preSolution
		Debug|Any CPU = Debug|Any CPU
		Release|Any CPU = Release|Any CPU
	EndGlobalSection
	GlobalSection(ProjectConfigurationPlatforms) = postSolution
		{EBF1DC53-1AC9-4D24-8F42-C4DF595DACB4}.Debug|Any CPU.ActiveCfg = Debug|Any CPU
		{EBF1DC53-1AC9-4D24-8F42-C4DF595DACB4}.Debug|Any CPU.Build.0 = Debug|Any CPU
		{EBF1DC53-1AC9-4D24-8F42-C4DF595DACB4}.Release|Any CPU.ActiveCfg = Release|Any CPU
		{EBF1DC53-1AC9-4D24-8F42-C4DF595DACB4}.Release|Any CPU.Build.0 = Release|Any CPU
	EndGlobalSection
	GlobalSection(SolutionProperties) = preSolution
		HideSolutionNode = FALSE
	EndGlobalSection
	GlobalSection(ExtensibilityGlobals) = postSolution
		SolutionGuid = {5F93333F-9966-4CFD-8899-A706650C4267}
	EndGlobalSection
EndGlobal
